PODS:
  - ResourceGen/Core (0.1.0)
  - ResourceGen/Script (0.1.0)

DEPENDENCIES:
  - ResourceGen/Core (from `../`)
  - ResourceGen/Script (from `../`)

EXTERNAL SOURCES:
  ResourceGen:
    :path: "../"

SPEC CHECKSUMS:
  ResourceGen: 4afd4c77c25e9e956e888c6ed3a98fc0c80385fa

PODFILE CHECKSUM: a5d2f0c64ba3a55fd11fa8bc799f4b8ebaa854f2

COCOAPODS: 1.6.2
